
Microsoft Visual Studio Solution File, Format Version 12.00
# Visual Studio Version 16
VisualStudioVersion = 16.0.30717.126
MinimumVisualStudioVersion = 10.0.40219.1
Project("{FAE04EC0-301F-11D3-BF4B-00C04F79EFBC}") = "SCUT_Library", "WebApplication1\SCUT_Library.csproj", "{316153F9-C5BC-43AA-BD79-09FB26A49E32}"
EndProject
Global
	GlobalSection(SolutionConfigurationPlatforms) = preSolution
		Debug|Any CPU = Debug|Any CPU
		Release|Any CPU = Release|Any CPU
	EndGlobalSection
	GlobalSection(ProjectConfigurationPlatforms) = postSolution
		{316153F9-C5BC-43AA-BD79-09FB26A49E32}.Debug|Any CPU.ActiveCfg = Debug|Any CPU
		{316153F9-C5BC-43AA-BD79-09FB26A49E32}.Debug|Any CPU.Build.0 = Debug|Any CPU
		{316153F9-C5BC-43AA-BD79-09FB26A49E32}.Release|Any CPU.ActiveCfg = Release|Any CPU
		{316153F9-C5BC-43AA-BD79-09FB26A49E32}.Release|Any CPU.Build.0 = Release|Any CPU
	EndGlobalSection
	GlobalSection(SolutionProperties) = preSolution
		HideSolutionNode = FALSE
	EndGlobalSection
	GlobalSection(ExtensibilityGlobals) = postSolution
		SolutionGuid = {7F715652-6F85-428E-A11E-F610A0FA88D4}
	EndGlobalSection
EndGlobal
